// !$*UTF8*$!
{
	archiveVersion = 1;
	classes = {
	};
	objectVersion = 46;
	objects = {

/* Begin PBXBuildFile section */
		B30F893D1D63FBAE0033A9EE /* CBRecommendView.swift in Sources */ = {isa = PBXBuildFile; fileRef = B30F893C1D63FBAE0033A9EE /* CBRecommendView.swift */; };
		B30F89401D63FF460033A9EE /* CBRecommendADCell.swift in Sources */ = {isa = PBXBuildFile; fileRef = B30F893E1D63FF460033A9EE /* CBRecommendADCell.swift */; };
		B30F89411D63FF460033A9EE /* CBRecommendADCell.xib in Resources */ = {isa = PBXBuildFile; fileRef = B30F893F1D63FF460033A9EE /* CBRecommendADCell.xib */; };
		B30F89431D6407FE0033A9EE /* UIImageView+Util.swift in Sources */ = {isa = PBXBuildFile; fileRef = B30F89421D6407FE0033A9EE /* UIImageView+Util.swift */; };
		B30F89461D640A0C0033A9EE /* sdefaultImage.png in Resources */ = {isa = PBXBuildFile; fileRef = B30F89451D640A0C0033A9EE /* sdefaultImage.png */; };
		B30F89511D64175A0033A9EE /* CBRecommendLikeCell.swift in Sources */ = {isa = PBXBuildFile; fileRef = B30F894F1D64175A0033A9EE /* CBRecommendLikeCell.swift */; };
		B30F89521D64175A0033A9EE /* CBRecommendLikeCell.xib in Resources */ = {isa = PBXBuildFile; fileRef = B30F89501D64175A0033A9EE /* CBRecommendLikeCell.xib */; };
		B325025B1D654B960024521F /* Util.swift in Sources */ = {isa = PBXBuildFile; fileRef = B325025A1D654B960024521F /* Util.swift */; };
		B325025D1D655AE50024521F /* CBSearchHeaderView.swift in Sources */ = {isa = PBXBuildFile; fileRef = B325025C1D655AE50024521F /* CBSearchHeaderView.swift */; };
		B32502611D6561D10024521F /* search1.png in Resources */ = {isa = PBXBuildFile; fileRef = B32502601D6561D10024521F /* search1.png */; };
		B32502641D6563150024521F /* CBRedPacketCell.swift in Sources */ = {isa = PBXBuildFile; fileRef = B32502621D6563150024521F /* CBRedPacketCell.swift */; };
		B32502651D6563150024521F /* CBRedPacketCell.xib in Resources */ = {isa = PBXBuildFile; fileRef = B32502631D6563150024521F /* CBRedPacketCell.xib */; };
		B344BF781D66942D001CF89F /* CBRecommendNewCell.swift in Sources */ = {isa = PBXBuildFile; fileRef = B344BF761D66942D001CF89F /* CBRecommendNewCell.swift */; };
		B344BF791D66942D001CF89F /* CBRecommendNewCell.xib in Resources */ = {isa = PBXBuildFile; fileRef = B344BF771D66942D001CF89F /* CBRecommendNewCell.xib */; };
		B344BF7C1D669933001CF89F /* play-A@2x.png in Resources */ = {isa = PBXBuildFile; fileRef = B344BF7A1D669933001CF89F /* play-A@2x.png */; };
		B344BF7D1D669933001CF89F /* play-A@3x.png in Resources */ = {isa = PBXBuildFile; fileRef = B344BF7B1D669933001CF89F /* play-A@3x.png */; };
		B344BF7F1D66AB08001CF89F /* CBHeaderView.swift in Sources */ = {isa = PBXBuildFile; fileRef = B344BF7E1D66AB08001CF89F /* CBHeaderView.swift */; };
		B344BF811D66ADD2001CF89F /* more_icon.png in Resources */ = {isa = PBXBuildFile; fileRef = B344BF801D66ADD2001CF89F /* more_icon.png */; };
		B344BF841D66B159001CF89F /* CBSpecialCell.swift in Sources */ = {isa = PBXBuildFile; fileRef = B344BF821D66B159001CF89F /* CBSpecialCell.swift */; };
		B344BF851D66B159001CF89F /* CBSpecialCell.xib in Resources */ = {isa = PBXBuildFile; fileRef = B344BF831D66B159001CF89F /* CBSpecialCell.xib */; };
		B3C595181D6151BA00CD1758 /* AppDelegate.swift in Sources */ = {isa = PBXBuildFile; fileRef = B3C595171D6151BA00CD1758 /* AppDelegate.swift */; };
		B3C5951A1D6151BA00CD1758 /* ViewController.swift in Sources */ = {isa = PBXBuildFile; fileRef = B3C595191D6151BA00CD1758 /* ViewController.swift */; };
		B3C5951D1D6151BA00CD1758 /* Main.storyboard in Resources */ = {isa = PBXBuildFile; fileRef = B3C5951B1D6151BA00CD1758 /* Main.storyboard */; };
		B3C5951F1D6151BA00CD1758 /* Assets.xcassets in Resources */ = {isa = PBXBuildFile; fileRef = B3C5951E1D6151BA00CD1758 /* Assets.xcassets */; };
		B3C595221D6151BA00CD1758 /* LaunchScreen.storyboard in Resources */ = {isa = PBXBuildFile; fileRef = B3C595201D6151BA00CD1758 /* LaunchScreen.storyboard */; };
		B3C5952D1D6151BA00CD1758 /* TestKitchenTests.swift in Sources */ = {isa = PBXBuildFile; fileRef = B3C5952C1D6151BA00CD1758 /* TestKitchenTests.swift */; };
		B3C595381D6151BA00CD1758 /* TestKitchenUITests.swift in Sources */ = {isa = PBXBuildFile; fileRef = B3C595371D6151BA00CD1758 /* TestKitchenUITests.swift */; };
		B3C5956F1D61554800CD1758 /* AppIcon29x29@2x.png in Resources */ = {isa = PBXBuildFile; fileRef = B3C595631D61554800CD1758 /* AppIcon29x29@2x.png */; };
		B3C595701D61554800CD1758 /* AppIcon29x29@3x.png in Resources */ = {isa = PBXBuildFile; fileRef = B3C595641D61554800CD1758 /* AppIcon29x29@3x.png */; };
		B3C595711D61554800CD1758 /* AppIcon40x40@2x.png in Resources */ = {isa = PBXBuildFile; fileRef = B3C595651D61554800CD1758 /* AppIcon40x40@2x.png */; };
		B3C595721D61554800CD1758 /* AppIcon40x40@3x.png in Resources */ = {isa = PBXBuildFile; fileRef = B3C595661D61554800CD1758 /* AppIcon40x40@3x.png */; };
		B3C595731D61554800CD1758 /* AppIcon60x60@2x.png in Resources */ = {isa = PBXBuildFile; fileRef = B3C595671D61554800CD1758 /* AppIcon60x60@2x.png */; };
		B3C595741D61554800CD1758 /* AppIcon60x60@3x.png in Resources */ = {isa = PBXBuildFile; fileRef = B3C595681D61554800CD1758 /* AppIcon60x60@3x.png */; };
		B3C5957B1D61576500CD1758 /* Images.xcassets in Resources */ = {isa = PBXBuildFile; fileRef = B3C5957A1D61576500CD1758 /* Images.xcassets */; };
		B3C5957D1D615A7200CD1758 /* MainTabBarController.swift in Sources */ = {isa = PBXBuildFile; fileRef = B3C5957C1D615A7200CD1758 /* MainTabBarController.swift */; };
		B3C5957F1D615AB700CD1758 /* BaseViewController.swift in Sources */ = {isa = PBXBuildFile; fileRef = B3C5957E1D615AB700CD1758 /* BaseViewController.swift */; };
		B3C595811D615B0300CD1758 /* CookBookViewController.swift in Sources */ = {isa = PBXBuildFile; fileRef = B3C595801D615B0300CD1758 /* CookBookViewController.swift */; };
		B3C595831D615B2700CD1758 /* CommunityViewController.swift in Sources */ = {isa = PBXBuildFile; fileRef = B3C595821D615B2700CD1758 /* CommunityViewController.swift */; };
		B3C595851D615B6F00CD1758 /* MallViewController.swift in Sources */ = {isa = PBXBuildFile; fileRef = B3C595841D615B6F00CD1758 /* MallViewController.swift */; };
		B3C595891D615B9E00CD1758 /* FoodClassViewController.swift in Sources */ = {isa = PBXBuildFile; fileRef = B3C595881D615B9E00CD1758 /* FoodClassViewController.swift */; };
		B3C5958B1D615BBC00CD1758 /* ProfileViewController.swift in Sources */ = {isa = PBXBuildFile; fileRef = B3C5958A1D615BBC00CD1758 /* ProfileViewController.swift */; };
		B3C5958D1D61642100CD1758 /* Ctrl.json in Resources */ = {isa = PBXBuildFile; fileRef = B3C5958C1D61642100CD1758 /* Ctrl.json */; };
		B3FE78101D61730F001AD946 /* UIView+Util.swift in Sources */ = {isa = PBXBuildFile; fileRef = B3FE780F1D61730F001AD946 /* UIView+Util.swift */; };
		B3FE78121D6173C7001AD946 /* UILabel+Util.swift in Sources */ = {isa = PBXBuildFile; fileRef = B3FE78111D6173C7001AD946 /* UILabel+Util.swift */; };
		B3FE78141D617523001AD946 /* UIButton+Util.swift in Sources */ = {isa = PBXBuildFile; fileRef = B3FE78131D617523001AD946 /* UIButton+Util.swift */; };
		B3FE7E451D62A15D001AD946 /* community_normal@2x.png in Resources */ = {isa = PBXBuildFile; fileRef = B3FE7E2D1D62A15D001AD946 /* community_normal@2x.png */; };
		B3FE7E461D62A15D001AD946 /* community_normal@3x.png in Resources */ = {isa = PBXBuildFile; fileRef = B3FE7E2E1D62A15D001AD946 /* community_normal@3x.png */; };
		B3FE7E471D62A15D001AD946 /* community_select@2x.png in Resources */ = {isa = PBXBuildFile; fileRef = B3FE7E2F1D62A15D001AD946 /* community_select@2x.png */; };
		B3FE7E481D62A15D001AD946 /* community_select@3x.png in Resources */ = {isa = PBXBuildFile; fileRef = B3FE7E301D62A15D001AD946 /* community_select@3x.png */; };
		B3FE7E491D62A15D001AD946 /* home_normal@2x.png in Resources */ = {isa = PBXBuildFile; fileRef = B3FE7E311D62A15D001AD946 /* home_normal@2x.png */; };
		B3FE7E4A1D62A15D001AD946 /* home_normal@3x.png in Resources */ = {isa = PBXBuildFile; fileRef = B3FE7E321D62A15D001AD946 /* home_normal@3x.png */; };
		B3FE7E4B1D62A15D001AD946 /* home_select@2x.png in Resources */ = {isa = PBXBuildFile; fileRef = B3FE7E331D62A15D001AD946 /* home_select@2x.png */; };
		B3FE7E4C1D62A15D001AD946 /* home_select@3x.png in Resources */ = {isa = PBXBuildFile; fileRef = B3FE7E341D62A15D001AD946 /* home_select@3x.png */; };
		B3FE7E4D1D62A15D001AD946 /* mine_normal@2x.png in Resources */ = {isa = PBXBuildFile; fileRef = B3FE7E351D62A15D001AD946 /* mine_normal@2x.png */; };
		B3FE7E4E1D62A15D001AD946 /* mine_normal@3x.png in Resources */ = {isa = PBXBuildFile; fileRef = B3FE7E361D62A15D001AD946 /* mine_normal@3x.png */; };
		B3FE7E4F1D62A15D001AD946 /* mine_select@2x.png in Resources */ = {isa = PBXBuildFile; fileRef = B3FE7E371D62A15D001AD946 /* mine_select@2x.png */; };
		B3FE7E501D62A15D001AD946 /* mine_select@3x.png in Resources */ = {isa = PBXBuildFile; fileRef = B3FE7E381D62A15D001AD946 /* mine_select@3x.png */; };
		B3FE7E511D62A15D001AD946 /* report_normal@2x.png in Resources */ = {isa = PBXBuildFile; fileRef = B3FE7E391D62A15D001AD946 /* report_normal@2x.png */; };
		B3FE7E521D62A15D001AD946 /* report_normal@3x.png in Resources */ = {isa = PBXBuildFile; fileRef = B3FE7E3A1D62A15D001AD946 /* report_normal@3x.png */; };
		B3FE7E531D62A15D001AD946 /* report_select@2x.png in Resources */ = {isa = PBXBuildFile; fileRef = B3FE7E3B1D62A15D001AD946 /* report_select@2x.png */; };
		B3FE7E541D62A15D001AD946 /* report_select@3x.png in Resources */ = {isa = PBXBuildFile; fileRef = B3FE7E3C1D62A15D001AD946 /* report_select@3x.png */; };
		B3FE7E551D62A15D001AD946 /* shike_normal@2x.png in Resources */ = {isa = PBXBuildFile; fileRef = B3FE7E3D1D62A15D001AD946 /* shike_normal@2x.png */; };
		B3FE7E561D62A15D001AD946 /* shike_normal@3x.png in Resources */ = {isa = PBXBuildFile; fileRef = B3FE7E3E1D62A15D001AD946 /* shike_normal@3x.png */; };
		B3FE7E571D62A15D001AD946 /* shike_select@2x.png in Resources */ = {isa = PBXBuildFile; fileRef = B3FE7E3F1D62A15D001AD946 /* shike_select@2x.png */; };
		B3FE7E581D62A15D001AD946 /* shike_select@3x.png in Resources */ = {isa = PBXBuildFile; fileRef = B3FE7E401D62A15D001AD946 /* shike_select@3x.png */; };
		B3FE7E591D62A15D001AD946 /* shop_normal@2x.png in Resources */ = {isa = PBXBuildFile; fileRef = B3FE7E411D62A15D001AD946 /* shop_normal@2x.png */; };
		B3FE7E5A1D62A15D001AD946 /* shop_normal@3x.png in Resources */ = {isa = PBXBuildFile; fileRef = B3FE7E421D62A15D001AD946 /* shop_normal@3x.png */; };
		B3FE7E5B1D62A15D001AD946 /* shop_select@2x.png in Resources */ = {isa = PBXBuildFile; fileRef = B3FE7E431D62A15D001AD946 /* shop_select@2x.png */; };
		B3FE7E5C1D62A15D001AD946 /* shop_select@3x.png in Resources */ = {isa = PBXBuildFile; fileRef = B3FE7E441D62A15D001AD946 /* shop_select@3x.png */; };
		B3FE7E5E1D62A858001AD946 /* Const.swift in Sources */ = {isa = PBXBuildFile; fileRef = B3FE7E5D1D62A858001AD946 /* Const.swift */; };
		B3FE7E6F1D62B98E001AD946 /* nav_back_black.png in Resources */ = {isa = PBXBuildFile; fileRef = B3FE7E671D62B98E001AD946 /* nav_back_black.png */; };
		B3FE7E701D62B98E001AD946 /* nav_back_white.png in Resources */ = {isa = PBXBuildFile; fileRef = B3FE7E681D62B98E001AD946 /* nav_back_white.png */; };
		B3FE7E711D62B98E001AD946 /* navBar.png in Resources */ = {isa = PBXBuildFile; fileRef = B3FE7E691D62B98E001AD946 /* navBar.png */; };
		B3FE7E721D62B98E001AD946 /* navBtn_bag.png in Resources */ = {isa = PBXBuildFile; fileRef = B3FE7E6A1D62B98E001AD946 /* navBtn_bag.png */; };
		B3FE7E731D62B98E001AD946 /* saoyisao@2x.png in Resources */ = {isa = PBXBuildFile; fileRef = B3FE7E6B1D62B98E001AD946 /* saoyisao@2x.png */; };
		B3FE7E741D62B98E001AD946 /* saoyisao@3x.png in Resources */ = {isa = PBXBuildFile; fileRef = B3FE7E6C1D62B98E001AD946 /* saoyisao@3x.png */; };
		B3FE7E751D62B98E001AD946 /* search@2x.png in Resources */ = {isa = PBXBuildFile; fileRef = B3FE7E6D1D62B98E001AD946 /* search@2x.png */; };
		B3FE7E761D62B98E001AD946 /* search@3x.png in Resources */ = {isa = PBXBuildFile; fileRef = B3FE7E6E1D62B98E001AD946 /* search@3x.png */; };
		B3FE7E7D1D62B9C3001AD946 /* LaunchImage-700-568h@2x.png in Resources */ = {isa = PBXBuildFile; fileRef = B3FE7E781D62B9C3001AD946 /* LaunchImage-700-568h@2x.png */; };
		B3FE7E7E1D62B9C3001AD946 /* LaunchImage-700@2x.png in Resources */ = {isa = PBXBuildFile; fileRef = B3FE7E791D62B9C3001AD946 /* LaunchImage-700@2x.png */; };
		B3FE7E7F1D62B9C3001AD946 /* LaunchImage-800-667h@2x.png in Resources */ = {isa = PBXBuildFile; fileRef = B3FE7E7A1D62B9C3001AD946 /* LaunchImage-800-667h@2x.png */; };
		B3FE7E801D62B9C3001AD946 /* LaunchImage-800-Landscape-736h@3x.png in Resources */ = {isa = PBXBuildFile; fileRef = B3FE7E7B1D62B9C3001AD946 /* LaunchImage-800-Landscape-736h@3x.png */; };
		B3FE7E811D62B9C3001AD946 /* LaunchImage-800-Portrait-736h@3x.png in Resources */ = {isa = PBXBuildFile; fileRef = B3FE7E7C1D62B9C3001AD946 /* LaunchImage-800-Portrait-736h@3x.png */; };
		B3FE7E831D62BD70001AD946 /* KTCDownloader.swift in Sources */ = {isa = PBXBuildFile; fileRef = B3FE7E821D62BD70001AD946 /* KTCDownloader.swift */; };
		B3FE7E891D62C66F001AD946 /* CBRecommendModel.swift in Sources */ = {isa = PBXBuildFile; fileRef = B3FE7E881D62C66F001AD946 /* CBRecommendModel.swift */; };
		BA19DF0643B643B38EAC97D3 /* Pods_TestKitchen.framework in Frameworks */ = {isa = PBXBuildFile; fileRef = 7FC2AFC0449A9D0F2D1CC629 /* Pods_TestKitchen.framework */; };
/* End PBXBuildFile section */

/* Begin PBXContainerItemProxy section */
		B3C595291D6151BA00CD1758 /* PBXContainerItemProxy */ = {
			isa = PBXContainerItemProxy;
			containerPortal = B3C5950C1D6151BA00CD1758 /* Project object */;
			proxyType = 1;
			remoteGlobalIDString = B3C595131D6151BA00CD1758;
			remoteInfo = TestKitchen;
		};
		B3C595341D6151BA00CD1758 /* PBXContainerItemProxy */ = {
			isa = PBXContainerItemProxy;
			containerPortal = B3C5950C1D6151BA00CD1758 /* Project object */;
			proxyType = 1;
			remoteGlobalIDString = B3C595131D6151BA00CD1758;
			remoteInfo = TestKitchen;
		};
/* End PBXContainerItemProxy section */

/* Begin PBXFileReference section */
		3EFC2817FB9A079F19D14ED0 /* Pods-TestKitchen.release.xcconfig */ = {isa = PBXFileReference; includeInIndex = 1; lastKnownFileType = text.xcconfig; name = "Pods-TestKitchen.release.xcconfig"; path = "Pods/Target Support Files/Pods-TestKitchen/Pods-TestKitchen.release.xcconfig"; sourceTree = "<group>"; };
		6A702DEA54551187205F2B02 /* Pods-TestKitchen.debug.xcconfig */ = {isa = PBXFileReference; includeInIndex = 1; lastKnownFileType = text.xcconfig; name = "Pods-TestKitchen.debug.xcconfig"; path = "Pods/Target Support Files/Pods-TestKitchen/Pods-TestKitchen.debug.xcconfig"; sourceTree = "<group>"; };
		7FC2AFC0449A9D0F2D1CC629 /* Pods_TestKitchen.framework */ = {isa = PBXFileReference; explicitFileType = wrapper.framework; includeInIndex = 0; path = Pods_TestKitchen.framework; sourceTree = BUILT_PRODUCTS_DIR; };
		B30F893C1D63FBAE0033A9EE /* CBRecommendView.swift */ = {isa = PBXFileReference; fileEncoding = 4; lastKnownFileType = sourcecode.swift; path = CBRecommendView.swift; sourceTree = "<group>"; };
		B30F893E1D63FF460033A9EE /* CBRecommendADCell.swift */ = {isa = PBXFileReference; fileEncoding = 4; lastKnownFileType = sourcecode.swift; path = CBRecommendADCell.swift; sourceTree = "<group>"; };
		B30F893F1D63FF460033A9EE /* CBRecommendADCell.xib */ = {isa = PBXFileReference; fileEncoding = 4; lastKnownFileType = file.xib; path = CBRecommendADCell.xib; sourceTree = "<group>"; };
		B30F89421D6407FE0033A9EE /* UIImageView+Util.swift */ = {isa = PBXFileReference; fileEncoding = 4; lastKnownFileType = sourcecode.swift; path = "UIImageView+Util.swift"; sourceTree = "<group>"; };
		B30F89451D640A0C0033A9EE /* sdefaultImage.png */ = {isa = PBXFileReference; lastKnownFileType = image.png; path = sdefaultImage.png; sourceTree = "<group>"; };
		B30F894F1D64175A0033A9EE /* CBRecommendLikeCell.swift */ = {isa = PBXFileReference; fileEncoding = 4; lastKnownFileType = sourcecode.swift; path = CBRecommendLikeCell.swift; sourceTree = "<group>"; };
		B30F89501D64175A0033A9EE /* CBRecommendLikeCell.xib */ = {isa = PBXFileReference; fileEncoding = 4; lastKnownFileType = file.xib; path = CBRecommendLikeCell.xib; sourceTree = "<group>"; };
		B325025A1D654B960024521F /* Util.swift */ = {isa = PBXFileReference; fileEncoding = 4; lastKnownFileType = sourcecode.swift; path = Util.swift; sourceTree = "<group>"; };
		B325025C1D655AE50024521F /* CBSearchHeaderView.swift */ = {isa = PBXFileReference; fileEncoding = 4; lastKnownFileType = sourcecode.swift; path = CBSearchHeaderView.swift; sourceTree = "<group>"; };
		B32502601D6561D10024521F /* search1.png */ = {isa = PBXFileReference; lastKnownFileType = image.png; path = search1.png; sourceTree = "<group>"; };
		B32502621D6563150024521F /* CBRedPacketCell.swift */ = {isa = PBXFileReference; fileEncoding = 4; lastKnownFileType = sourcecode.swift; path = CBRedPacketCell.swift; sourceTree = "<group>"; };
		B32502631D6563150024521F /* CBRedPacketCell.xib */ = {isa = PBXFileReference; fileEncoding = 4; lastKnownFileType = file.xib; path = CBRedPacketCell.xib; sourceTree = "<group>"; };
		B344BF761D66942D001CF89F /* CBRecommendNewCell.swift */ = {isa = PBXFileReference; fileEncoding = 4; lastKnownFileType = sourcecode.swift; path = CBRecommendNewCell.swift; sourceTree = "<group>"; };
		B344BF771D66942D001CF89F /* CBRecommendNewCell.xib */ = {isa = PBXFileReference; fileEncoding = 4; lastKnownFileType = file.xib; path = CBRecommendNewCell.xib; sourceTree = "<group>"; };
		B344BF7A1D669933001CF89F /* play-A@2x.png */ = {isa = PBXFileReference; lastKnownFileType = image.png; path = "play-A@2x.png"; sourceTree = "<group>"; };
		B344BF7B1D669933001CF89F /* play-A@3x.png */ = {isa = PBXFileReference; lastKnownFileType = image.png; path = "play-A@3x.png"; sourceTree = "<group>"; };
		B344BF7E1D66AB08001CF89F /* CBHeaderView.swift */ = {isa = PBXFileReference; fileEncoding = 4; lastKnownFileType = sourcecode.swift; path = CBHeaderView.swift; sourceTree = "<group>"; };
		B344BF801D66ADD2001CF89F /* more_icon.png */ = {isa = PBXFileReference; lastKnownFileType = image.png; path = more_icon.png; sourceTree = "<group>"; };
		B344BF821D66B159001CF89F /* CBSpecialCell.swift */ = {isa = PBXFileReference; fileEncoding = 4; lastKnownFileType = sourcecode.swift; path = CBSpecialCell.swift; sourceTree = "<group>"; };
		B344BF831D66B159001CF89F /* CBSpecialCell.xib */ = {isa = PBXFileReference; fileEncoding = 4; lastKnownFileType = file.xib; path = CBSpecialCell.xib; sourceTree = "<group>"; };
		B3C595141D6151BA00CD1758 /* TestKitchen.app */ = {isa = PBXFileReference; explicitFileType = wrapper.application; includeInIndex = 0; path = TestKitchen.app; sourceTree = BUILT_PRODUCTS_DIR; };
		B3C595171D6151BA00CD1758 /* AppDelegate.swift */ = {isa = PBXFileReference; lastKnownFileType = sourcecode.swift; path = AppDelegate.swift; sourceTree = "<group>"; };
		B3C595191D6151BA00CD1758 /* ViewController.swift */ = {isa = PBXFileReference; lastKnownFileType = sourcecode.swift; path = ViewController.swift; sourceTree = "<group>"; };
		B3C5951C1D6151BA00CD1758 /* Base */ = {isa = PBXFileReference; lastKnownFileType = file.storyboard; name = Base; path = Base.lproj/Main.storyboard; sourceTree = "<group>"; };
		B3C5951E1D6151BA00CD1758 /* Assets.xcassets */ = {isa = PBXFileReference; lastKnownFileType = folder.assetcatalog; path = Assets.xcassets; sourceTree = "<group>"; };
		B3C595211D6151BA00CD1758 /* Base */ = {isa = PBXFileReference; lastKnownFileType = file.storyboard; name = Base; path = Base.lproj/LaunchScreen.storyboard; sourceTree = "<group>"; };
		B3C595231D6151BA00CD1758 /* Info.plist */ = {isa = PBXFileReference; lastKnownFileType = text.plist.xml; path = Info.plist; sourceTree = "<group>"; };
		B3C595281D6151BA00CD1758 /* TestKitchenTests.xctest */ = {isa = PBXFileReference; explicitFileType = wrapper.cfbundle; includeInIndex = 0; path = TestKitchenTests.xctest; sourceTree = BUILT_PRODUCTS_DIR; };
		B3C5952C1D6151BA00CD1758 /* TestKitchenTests.swift */ = {isa = PBXFileReference; lastKnownFileType = sourcecode.swift; path = TestKitchenTests.swift; sourceTree = "<group>"; };
		B3C5952E1D6151BA00CD1758 /* Info.plist */ = {isa = PBXFileReference; lastKnownFileType = text.plist.xml; path = Info.plist; sourceTree = "<group>"; };
		B3C595331D6151BA00CD1758 /* TestKitchenUITests.xctest */ = {isa = PBXFileReference; explicitFileType = wrapper.cfbundle; includeInIndex = 0; path = TestKitchenUITests.xctest; sourceTree = BUILT_PRODUCTS_DIR; };
		B3C595371D6151BA00CD1758 /* TestKitchenUITests.swift */ = {isa = PBXFileReference; lastKnownFileType = sourcecode.swift; path = TestKitchenUITests.swift; sourceTree = "<group>"; };
		B3C595391D6151BA00CD1758 /* Info.plist */ = {isa = PBXFileReference; lastKnownFileType = text.plist.xml; path = Info.plist; sourceTree = "<group>"; };
		B3C595631D61554800CD1758 /* AppIcon29x29@2x.png */ = {isa = PBXFileReference; lastKnownFileType = image.png; path = "AppIcon29x29@2x.png"; sourceTree = "<group>"; };
		B3C595641D61554800CD1758 /* AppIcon29x29@3x.png */ = {isa = PBXFileReference; lastKnownFileType = image.png; path = "AppIcon29x29@3x.png"; sourceTree = "<group>"; };
		B3C595651D61554800CD1758 /* AppIcon40x40@2x.png */ = {isa = PBXFileReference; lastKnownFileType = image.png; path = "AppIcon40x40@2x.png"; sourceTree = "<group>"; };
		B3C595661D61554800CD1758 /* AppIcon40x40@3x.png */ = {isa = PBXFileReference; lastKnownFileType = image.png; path = "AppIcon40x40@3x.png"; sourceTree = "<group>"; };
		B3C595671D61554800CD1758 /* AppIcon60x60@2x.png */ = {isa = PBXFileReference; lastKnownFileType = image.png; path = "AppIcon60x60@2x.png"; sourceTree = "<group>"; };
		B3C595681D61554800CD1758 /* AppIcon60x60@3x.png */ = {isa = PBXFileReference; lastKnownFileType = image.png; path = "AppIcon60x60@3x.png"; sourceTree = "<group>"; };
		B3C5957A1D61576500CD1758 /* Images.xcassets */ = {isa = PBXFileReference; lastKnownFileType = folder.assetcatalog; path = Images.xcassets; sourceTree = "<group>"; };
		B3C5957C1D615A7200CD1758 /* MainTabBarController.swift */ = {isa = PBXFileReference; fileEncoding = 4; lastKnownFileType = sourcecode.swift; path = MainTabBarController.swift; sourceTree = "<group>"; };
		B3C5957E1D615AB700CD1758 /* BaseViewController.swift */ = {isa = PBXFileReference; fileEncoding = 4; lastKnownFileType = sourcecode.swift; path = BaseViewController.swift; sourceTree = "<group>"; };
		B3C595801D615B0300CD1758 /* CookBookViewController.swift */ = {isa = PBXFileReference; fileEncoding = 4; lastKnownFileType = sourcecode.swift; path = CookBookViewController.swift; sourceTree = "<group>"; };
		B3C595821D615B2700CD1758 /* CommunityViewController.swift */ = {isa = PBXFileReference; fileEncoding = 4; lastKnownFileType = sourcecode.swift; path = CommunityViewController.swift; sourceTree = "<group>"; };
		B3C595841D615B6F00CD1758 /* MallViewController.swift */ = {isa = PBXFileReference; fileEncoding = 4; lastKnownFileType = sourcecode.swift; path = MallViewController.swift; sourceTree = "<group>"; };
		B3C595881D615B9E00CD1758 /* FoodClassViewController.swift */ = {isa = PBXFileReference; fileEncoding = 4; lastKnownFileType = sourcecode.swift; path = FoodClassViewController.swift; sourceTree = "<group>"; };
		B3C5958A1D615BBC00CD1758 /* ProfileViewController.swift */ = {isa = PBXFileReference; fileEncoding = 4; lastKnownFileType = sourcecode.swift; path = ProfileViewController.swift; sourceTree = "<group>"; };
		B3C5958C1D61642100CD1758 /* Ctrl.json */ = {isa = PBXFileReference; fileEncoding = 4; lastKnownFileType = text.json; path = Ctrl.json; sourceTree = "<group>"; };
		B3FE780F1D61730F001AD946 /* UIView+Util.swift */ = {isa = PBXFileReference; fileEncoding = 4; lastKnownFileType = sourcecode.swift; path = "UIView+Util.swift"; sourceTree = "<group>"; };
		B3FE78111D6173C7001AD946 /* UILabel+Util.swift */ = {isa = PBXFileReference; fileEncoding = 4; lastKnownFileType = sourcecode.swift; path = "UILabel+Util.swift"; sourceTree = "<group>"; };
		B3FE78131D617523001AD946 /* UIButton+Util.swift */ = {isa = PBXFileReference; fileEncoding = 4; lastKnownFileType = sourcecode.swift; path = "UIButton+Util.swift"; sourceTree = "<group>"; };
		B3FE7E2D1D62A15D001AD946 /* community_normal@2x.png */ = {isa = PBXFileReference; lastKnownFileType = image.png; path = "community_normal@2x.png"; sourceTree = "<group>"; };
		B3FE7E2E1D62A15D001AD946 /* community_normal@3x.png */ = {isa = PBXFileReference; lastKnownFileType = image.png; path = "community_normal@3x.png"; sourceTree = "<group>"; };
		B3FE7E2F1D62A15D001AD946 /* community_select@2x.png */ = {isa = PBXFileReference; lastKnownFileType = image.png; path = "community_select@2x.png"; sourceTree = "<group>"; };
		B3FE7E301D62A15D001AD946 /* community_select@3x.png */ = {isa = PBXFileReference; lastKnownFileType = image.png; path = "community_select@3x.png"; sourceTree = "<group>"; };
		B3FE7E311D62A15D001AD946 /* home_normal@2x.png */ = {isa = PBXFileReference; lastKnownFileType = image.png; path = "home_normal@2x.png"; sourceTree = "<group>"; };
		B3FE7E321D62A15D001AD946 /* home_normal@3x.png */ = {isa = PBXFileReference; lastKnownFileType = image.png; path = "home_normal@3x.png"; sourceTree = "<group>"; };
		B3FE7E331D62A15D001AD946 /* home_select@2x.png */ = {isa = PBXFileReference; lastKnownFileType = image.png; path = "home_select@2x.png"; sourceTree = "<group>"; };
		B3FE7E341D62A15D001AD946 /* home_select@3x.png */ = {isa = PBXFileReference; lastKnownFileType = image.png; path = "home_select@3x.png"; sourceTree = "<group>"; };
		B3FE7E351D62A15D001AD946 /* mine_normal@2x.png */ = {isa = PBXFileReference; lastKnownFileType = image.png; path = "mine_normal@2x.png"; sourceTree = "<group>"; };
		B3FE7E361D62A15D001AD946 /* mine_normal@3x.png */ = {isa = PBXFileReference; lastKnownFileType = image.png; path = "mine_normal@3x.png"; sourceTree = "<group>"; };
		B3FE7E371D62A15D001AD946 /* mine_select@2x.png */ = {isa = PBXFileReference; lastKnownFileType = image.png; path = "mine_select@2x.png"; sourceTree = "<group>"; };
		B3FE7E381D62A15D001AD946 /* mine_select@3x.png */ = {isa = PBXFileReference; lastKnownFileType = image.png; path = "mine_select@3x.png"; sourceTree = "<group>"; };
		B3FE7E391D62A15D001AD946 /* report_normal@2x.png */ = {isa = PBXFileReference; lastKnownFileType = image.png; path = "report_normal@2x.png"; sourceTree = "<group>"; };
		B3FE7E3A1D62A15D001AD946 /* report_normal@3x.png */ = {isa = PBXFileReference; lastKnownFileType = image.png; path = "report_normal@3x.png"; sourceTree = "<group>"; };
		B3FE7E3B1D62A15D001AD946 /* report_select@2x.png */ = {isa = PBXFileReference; lastKnownFileType = image.png; path = "report_select@2x.png"; sourceTree = "<group>"; };
		B3FE7E3C1D62A15D001AD946 /* report_select@3x.png */ = {isa = PBXFileReference; lastKnownFileType = image.png; path = "report_select@3x.png"; sourceTree = "<group>"; };
		B3FE7E3D1D62A15D001AD946 /* shike_normal@2x.png */ = {isa = PBXFileReference; lastKnownFileType = image.png; path = "shike_normal@2x.png"; sourceTree = "<group>"; };
		B3FE7E3E1D62A15D001AD946 /* shike_normal@3x.png */ = {isa = PBXFileReference; lastKnownFileType = image.png; path = "shike_normal@3x.png"; sourceTree = "<group>"; };
		B3FE7E3F1D62A15D001AD946 /* shike_select@2x.png */ = {isa = PBXFileReference; lastKnownFileType = image.png; path = "shike_select@2x.png"; sourceTree = "<group>"; };
		B3FE7E401D62A15D001AD946 /* shike_select@3x.png */ = {isa = PBXFileReference; lastKnownFileType = image.png; path = "shike_select@3x.png"; sourceTree = "<group>"; };
		B3FE7E411D62A15D001AD946 /* shop_normal@2x.png */ = {isa = PBXFileReference; lastKnownFileType = image.png; path = "shop_normal@2x.png"; sourceTree = "<group>"; };
		B3FE7E421D62A15D001AD946 /* shop_normal@3x.png */ = {isa = PBXFileReference; lastKnownFileType = image.png; path = "shop_normal@3x.png"; sourceTree = "<group>"; };
		B3FE7E431D62A15D001AD946 /* shop_select@2x.png */ = {isa = PBXFileReference; lastKnownFileType = image.png; path = "shop_select@2x.png"; sourceTree = "<group>"; };
		B3FE7E441D62A15D001AD946 /* shop_select@3x.png */ = {isa = PBXFileReference; lastKnownFileType = image.png; path = "shop_select@3x.png"; sourceTree = "<group>"; };
		B3FE7E5D1D62A858001AD946 /* Const.swift */ = {isa = PBXFileReference; fileEncoding = 4; lastKnownFileType = sourcecode.swift; path = Const.swift; sourceTree = "<group>"; };
		B3FE7E671D62B98E001AD946 /* nav_back_black.png */ = {isa = PBXFileReference; lastKnownFileType = image.png; path = nav_back_black.png; sourceTree = "<group>"; };
		B3FE7E681D62B98E001AD946 /* nav_back_white.png */ = {isa = PBXFileReference; lastKnownFileType = image.png; path = nav_back_white.png; sourceTree = "<group>"; };
		B3FE7E691D62B98E001AD946 /* navBar.png */ = {isa = PBXFileReference; lastKnownFileType = image.png; path = navBar.png; sourceTree = "<group>"; };
		B3FE7E6A1D62B98E001AD946 /* navBtn_bag.png */ = {isa = PBXFileReference; lastKnownFileType = image.png; path = navBtn_bag.png; sourceTree = "<group>"; };
		B3FE7E6B1D62B98E001AD946 /* saoyisao@2x.png */ = {isa = PBXFileReference; lastKnownFileType = image.png; path = "saoyisao@2x.png"; sourceTree = "<group>"; };
		B3FE7E6C1D62B98E001AD946 /* saoyisao@3x.png */ = {isa = PBXFileReference; lastKnownFileType = image.png; path = "saoyisao@3x.png"; sourceTree = "<group>"; };
		B3FE7E6D1D62B98E001AD946 /* search@2x.png */ = {isa = PBXFileReference; lastKnownFileType = image.png; path = "search@2x.png"; sourceTree = "<group>"; };
		B3FE7E6E1D62B98E001AD946 /* search@3x.png */ = {isa = PBXFileReference; lastKnownFileType = image.png; path = "search@3x.png"; sourceTree = "<group>"; };
		B3FE7E781D62B9C3001AD946 /* LaunchImage-700-568h@2x.png */ = {isa = PBXFileReference; lastKnownFileType = image.png; path = "LaunchImage-700-568h@2x.png"; sourceTree = "<group>"; };
		B3FE7E791D62B9C3001AD946 /* LaunchImage-700@2x.png */ = {isa = PBXFileReference; lastKnownFileType = image.png; path = "LaunchImage-700@2x.png"; sourceTree = "<group>"; };
		B3FE7E7A1D62B9C3001AD946 /* LaunchImage-800-667h@2x.png */ = {isa = PBXFileReference; lastKnownFileType = image.png; path = "LaunchImage-800-667h@2x.png"; sourceTree = "<group>"; };
		B3FE7E7B1D62B9C3001AD946 /* LaunchImage-800-Landscape-736h@3x.png */ = {isa = PBXFileReference; lastKnownFileType = image.png; path = "LaunchImage-800-Landscape-736h@3x.png"; sourceTree = "<group>"; };
		B3FE7E7C1D62B9C3001AD946 /* LaunchImage-800-Portrait-736h@3x.png */ = {isa = PBXFileReference; lastKnownFileType = image.png; path = "LaunchImage-800-Portrait-736h@3x.png"; sourceTree = "<group>"; };
		B3FE7E821D62BD70001AD946 /* KTCDownloader.swift */ = {isa = PBXFileReference; fileEncoding = 4; lastKnownFileType = sourcecode.swift; path = KTCDownloader.swift; sourceTree = "<group>"; };
		B3FE7E881D62C66F001AD946 /* CBRecommendModel.swift */ = {isa = PBXFileReference; fileEncoding = 4; lastKnownFileType = sourcecode.swift; path = CBRecommendModel.swift; sourceTree = "<group>"; };
/* End PBXFileReference section */

/* Begin PBXFrameworksBuildPhase section */
		B3C595111D6151BA00CD1758 /* Frameworks */ = {
			isa = PBXFrameworksBuildPhase;
			buildActionMask = 2147483647;
			files = (
				BA19DF0643B643B38EAC97D3 /* Pods_TestKitchen.framework in Frameworks */,
			);
			runOnlyForDeploymentPostprocessing = 0;
		};
		B3C595251D6151BA00CD1758 /* Frameworks */ = {
			isa = PBXFrameworksBuildPhase;
			buildActionMask = 2147483647;
			files = (
			);
			runOnlyForDeploymentPostprocessing = 0;
		};
		B3C595301D6151BA00CD1758 /* Frameworks */ = {
			isa = PBXFrameworksBuildPhase;
			buildActionMask = 2147483647;
			files = (
			);
			runOnlyForDeploymentPostprocessing = 0;
		};
/* End PBXFrameworksBuildPhase section */

/* Begin PBXGroup section */
		847266276BF23A6F6CDF5EAF /* Pods */ = {
			isa = PBXGroup;
			children = (
				6A702DEA54551187205F2B02 /* Pods-TestKitchen.debug.xcconfig */,
				3EFC2817FB9A079F19D14ED0 /* Pods-TestKitchen.release.xcconfig */,
			);
			name = Pods;
			sourceTree = "<group>";
		};
		B30F89441D640A0C0033A9EE /* common */ = {
			isa = PBXGroup;
			children = (
				B30F89451D640A0C0033A9EE /* sdefaultImage.png */,
			);
			path = common;
			sourceTree = "<group>";
		};
		B325025E1D6561D10024521F /* Cookbook */ = {
			isa = PBXGroup;
			children = (
				B325025F1D6561D10024521F /* homePage */,
			);
			path = Cookbook;
			sourceTree = "<group>";
		};
		B325025F1D6561D10024521F /* homePage */ = {
			isa = PBXGroup;
			children = (
				B344BF801D66ADD2001CF89F /* more_icon.png */,
				B344BF7A1D669933001CF89F /* play-A@2x.png */,
				B344BF7B1D669933001CF89F /* play-A@3x.png */,
				B32502601D6561D10024521F /* search1.png */,
			);
			path = homePage;
			sourceTree = "<group>";
		};
		B3C5950B1D6151BA00CD1758 = {
			isa = PBXGroup;
			children = (
				B3C595161D6151BA00CD1758 /* TestKitchen */,
				B3C5952B1D6151BA00CD1758 /* TestKitchenTests */,
				B3C595361D6151BA00CD1758 /* TestKitchenUITests */,
				B3C595151D6151BA00CD1758 /* Products */,
				847266276BF23A6F6CDF5EAF /* Pods */,
				E4EC27A1C0CA89EDA48DDD04 /* Frameworks */,
			);
			sourceTree = "<group>";
		};
		B3C595151D6151BA00CD1758 /* Products */ = {
			isa = PBXGroup;
			children = (
				B3C595141D6151BA00CD1758 /* TestKitchen.app */,
				B3C595281D6151BA00CD1758 /* TestKitchenTests.xctest */,
				B3C595331D6151BA00CD1758 /* TestKitchenUITests.xctest */,
			);
			name = Products;
			sourceTree = "<group>";
		};
		B3C595161D6151BA00CD1758 /* TestKitchen */ = {
			isa = PBXGroup;
			children = (
				B3C595451D6153E700CD1758 /* classes */,
				B3C595611D6153E700CD1758 /* resources */,
				B3C595171D6151BA00CD1758 /* AppDelegate.swift */,
				B3C595191D6151BA00CD1758 /* ViewController.swift */,
				B3C5951B1D6151BA00CD1758 /* Main.storyboard */,
				B3C5951E1D6151BA00CD1758 /* Assets.xcassets */,
				B3C595201D6151BA00CD1758 /* LaunchScreen.storyboard */,
				B3C595231D6151BA00CD1758 /* Info.plist */,
				B3C5957A1D61576500CD1758 /* Images.xcassets */,
			);
			path = TestKitchen;
			sourceTree = "<group>";
		};
		B3C5952B1D6151BA00CD1758 /* TestKitchenTests */ = {
			isa = PBXGroup;
			children = (
				B3C5952C1D6151BA00CD1758 /* TestKitchenTests.swift */,
				B3C5952E1D6151BA00CD1758 /* Info.plist */,
			);
			path = TestKitchenTests;
			sourceTree = "<group>";
		};
		B3C595361D6151BA00CD1758 /* TestKitchenUITests */ = {
			isa = PBXGroup;
			children = (
				B3C595371D6151BA00CD1758 /* TestKitchenUITests.swift */,
				B3C595391D6151BA00CD1758 /* Info.plist */,
			);
			path = TestKitchenUITests;
			sourceTree = "<group>";
		};
		B3C595451D6153E700CD1758 /* classes */ = {
			isa = PBXGroup;
			children = (
				B3C595461D6153E700CD1758 /* common */,
				B3C595471D6153E700CD1758 /* conmmunity */,
				B3C595511D6153E700CD1758 /* foodclass */,
				B3C595561D6153E700CD1758 /* mall */,
				B3C5955B1D6153E700CD1758 /* profile */,
				B3C595601D6153E700CD1758 /* thirdParty */,
			);
			path = classes;
			sourceTree = "<group>";
		};
		B3C595461D6153E700CD1758 /* common */ = {
			isa = PBXGroup;
			children = (
				B3C5957C1D615A7200CD1758 /* MainTabBarController.swift */,
				B3C5957E1D615AB700CD1758 /* BaseViewController.swift */,
				B3C5958C1D61642100CD1758 /* Ctrl.json */,
				B3FE780F1D61730F001AD946 /* UIView+Util.swift */,
				B3FE78111D6173C7001AD946 /* UILabel+Util.swift */,
				B3FE78131D617523001AD946 /* UIButton+Util.swift */,
				B3FE7E5D1D62A858001AD946 /* Const.swift */,
				B3FE7E821D62BD70001AD946 /* KTCDownloader.swift */,
				B3C5954C1D6153E700CD1758 /* cookbook */,
				B30F89421D6407FE0033A9EE /* UIImageView+Util.swift */,
				B325025A1D654B960024521F /* Util.swift */,
			);
			path = common;
			sourceTree = "<group>";
		};
		B3C595471D6153E700CD1758 /* conmmunity */ = {
			isa = PBXGroup;
			children = (
				B3C595481D6153E700CD1758 /* homePage */,
			);
			path = conmmunity;
			sourceTree = "<group>";
		};
		B3C595481D6153E700CD1758 /* homePage */ = {
			isa = PBXGroup;
			children = (
				B3C595491D6153E700CD1758 /* controller */,
				B3C5954A1D6153E700CD1758 /* model */,
				B3C5954B1D6153E700CD1758 /* view */,
			);
			path = homePage;
			sourceTree = "<group>";
		};
		B3C595491D6153E700CD1758 /* controller */ = {
			isa = PBXGroup;
			children = (
				B3C595821D615B2700CD1758 /* CommunityViewController.swift */,
			);
			path = controller;
			sourceTree = "<group>";
		};
		B3C5954A1D6153E700CD1758 /* model */ = {
			isa = PBXGroup;
			children = (
			);
			path = model;
			sourceTree = "<group>";
		};
		B3C5954B1D6153E700CD1758 /* view */ = {
			isa = PBXGroup;
			children = (
			);
			path = view;
			sourceTree = "<group>";
		};
		B3C5954C1D6153E700CD1758 /* cookbook */ = {
			isa = PBXGroup;
			children = (
				B3FE7E841D62C619001AD946 /* recommend */,
				B3C5954D1D6153E700CD1758 /* homePage */,
			);
			name = cookbook;
			path = ../cookbook;
			sourceTree = "<group>";
		};
		B3C5954D1D6153E700CD1758 /* homePage */ = {
			isa = PBXGroup;
			children = (
				B3C5954E1D6153E700CD1758 /* controller */,
				B3C5954F1D6153E700CD1758 /* model */,
				B3C595501D6153E700CD1758 /* view */,
			);
			path = homePage;
			sourceTree = "<group>";
		};
		B3C5954E1D6153E700CD1758 /* controller */ = {
			isa = PBXGroup;
			children = (
				B3C595801D615B0300CD1758 /* CookBookViewController.swift */,
			);
			path = controller;
			sourceTree = "<group>";
		};
		B3C5954F1D6153E700CD1758 /* model */ = {
			isa = PBXGroup;
			children = (
			);
			path = model;
			sourceTree = "<group>";
		};
		B3C595501D6153E700CD1758 /* view */ = {
			isa = PBXGroup;
			children = (
			);
			path = view;
			sourceTree = "<group>";
		};
		B3C595511D6153E700CD1758 /* foodclass */ = {
			isa = PBXGroup;
			children = (
				B3C595521D6153E700CD1758 /* homePage */,
			);
			path = foodclass;
			sourceTree = "<group>";
		};
		B3C595521D6153E700CD1758 /* homePage */ = {
			isa = PBXGroup;
			children = (
				B3C595531D6153E700CD1758 /* controller */,
				B3C595541D6153E700CD1758 /* model */,
				B3C595551D6153E700CD1758 /* view */,
			);
			path = homePage;
			sourceTree = "<group>";
		};
		B3C595531D6153E700CD1758 /* controller */ = {
			isa = PBXGroup;
			children = (
				B3C595881D615B9E00CD1758 /* FoodClassViewController.swift */,
			);
			path = controller;
			sourceTree = "<group>";
		};
		B3C595541D6153E700CD1758 /* model */ = {
			isa = PBXGroup;
			children = (
			);
			path = model;
			sourceTree = "<group>";
		};
		B3C595551D6153E700CD1758 /* view */ = {
			isa = PBXGroup;
			children = (
			);
			path = view;
			sourceTree = "<group>";
		};
		B3C595561D6153E700CD1758 /* mall */ = {
			isa = PBXGroup;
			children = (
				B3C595571D6153E700CD1758 /* homePage */,
			);
			path = mall;
			sourceTree = "<group>";
		};
		B3C595571D6153E700CD1758 /* homePage */ = {
			isa = PBXGroup;
			children = (
				B3C595581D6153E700CD1758 /* controller */,
				B3C595591D6153E700CD1758 /* model */,
				B3C5955A1D6153E700CD1758 /* view */,
			);
			path = homePage;
			sourceTree = "<group>";
		};
		B3C595581D6153E700CD1758 /* controller */ = {
			isa = PBXGroup;
			children = (
				B3C595841D615B6F00CD1758 /* MallViewController.swift */,
			);
			path = controller;
			sourceTree = "<group>";
		};
		B3C595591D6153E700CD1758 /* model */ = {
			isa = PBXGroup;
			children = (
			);
			path = model;
			sourceTree = "<group>";
		};
		B3C5955A1D6153E700CD1758 /* view */ = {
			isa = PBXGroup;
			children = (
			);
			path = view;
			sourceTree = "<group>";
		};
		B3C5955B1D6153E700CD1758 /* profile */ = {
			isa = PBXGroup;
			children = (
				B3C5955C1D6153E700CD1758 /* homePage */,
			);
			path = profile;
			sourceTree = "<group>";
		};
		B3C5955C1D6153E700CD1758 /* homePage */ = {
			isa = PBXGroup;
			children = (
				B3C5955D1D6153E700CD1758 /* controller */,
				B3C5955E1D6153E700CD1758 /* model */,
				B3C5955F1D6153E700CD1758 /* view */,
			);
			path = homePage;
			sourceTree = "<group>";
		};
		B3C5955D1D6153E700CD1758 /* controller */ = {
			isa = PBXGroup;
			children = (
				B3C5958A1D615BBC00CD1758 /* ProfileViewController.swift */,
			);
			path = controller;
			sourceTree = "<group>";
		};
		B3C5955E1D6153E700CD1758 /* model */ = {
			isa = PBXGroup;
			children = (
			);
			path = model;
			sourceTree = "<group>";
		};
		B3C5955F1D6153E700CD1758 /* view */ = {
			isa = PBXGroup;
			children = (
			);
			path = view;
			sourceTree = "<group>";
		};
		B3C595601D6153E700CD1758 /* thirdParty */ = {
			isa = PBXGroup;
			children = (
			);
			path = thirdParty;
			sourceTree = "<group>";
		};
		B3C595611D6153E700CD1758 /* resources */ = {
			isa = PBXGroup;
			children = (
				B325025E1D6561D10024521F /* Cookbook */,
				B30F89441D640A0C0033A9EE /* common */,
				B3FE7E771D62B9C3001AD946 /* launchImages */,
				B3FE7E661D62B98E001AD946 /* nav */,
				B3FE7E2C1D62A15D001AD946 /* tabbar */,
				B3C595621D61554800CD1758 /* AppIcon */,
			);
			path = resources;
			sourceTree = "<group>";
		};
		B3C595621D61554800CD1758 /* AppIcon */ = {
			isa = PBXGroup;
			children = (
				B3C595631D61554800CD1758 /* AppIcon29x29@2x.png */,
				B3C595641D61554800CD1758 /* AppIcon29x29@3x.png */,
				B3C595651D61554800CD1758 /* AppIcon40x40@2x.png */,
				B3C595661D61554800CD1758 /* AppIcon40x40@3x.png */,
				B3C595671D61554800CD1758 /* AppIcon60x60@2x.png */,
				B3C595681D61554800CD1758 /* AppIcon60x60@3x.png */,
			);
			path = AppIcon;
			sourceTree = "<group>";
		};
		B3FE7E2C1D62A15D001AD946 /* tabbar */ = {
			isa = PBXGroup;
			children = (
				B3FE7E2D1D62A15D001AD946 /* community_normal@2x.png */,
				B3FE7E2E1D62A15D001AD946 /* community_normal@3x.png */,
				B3FE7E2F1D62A15D001AD946 /* community_select@2x.png */,
				B3FE7E301D62A15D001AD946 /* community_select@3x.png */,
				B3FE7E311D62A15D001AD946 /* home_normal@2x.png */,
				B3FE7E321D62A15D001AD946 /* home_normal@3x.png */,
				B3FE7E331D62A15D001AD946 /* home_select@2x.png */,
				B3FE7E341D62A15D001AD946 /* home_select@3x.png */,
				B3FE7E351D62A15D001AD946 /* mine_normal@2x.png */,
				B3FE7E361D62A15D001AD946 /* mine_normal@3x.png */,
				B3FE7E371D62A15D001AD946 /* mine_select@2x.png */,
				B3FE7E381D62A15D001AD946 /* mine_select@3x.png */,
				B3FE7E391D62A15D001AD946 /* report_normal@2x.png */,
				B3FE7E3A1D62A15D001AD946 /* report_normal@3x.png */,
				B3FE7E3B1D62A15D001AD946 /* report_select@2x.png */,
				B3FE7E3C1D62A15D001AD946 /* report_select@3x.png */,
				B3FE7E3D1D62A15D001AD946 /* shike_normal@2x.png */,
				B3FE7E3E1D62A15D001AD946 /* shike_normal@3x.png */,
				B3FE7E3F1D62A15D001AD946 /* shike_select@2x.png */,
				B3FE7E401D62A15D001AD946 /* shike_select@3x.png */,
				B3FE7E411D62A15D001AD946 /* shop_normal@2x.png */,
				B3FE7E421D62A15D001AD946 /* shop_normal@3x.png */,
				B3FE7E431D62A15D001AD946 /* shop_select@2x.png */,
				B3FE7E441D62A15D001AD946 /* shop_select@3x.png */,
			);
			path = tabbar;
			sourceTree = "<group>";
		};
		B3FE7E661D62B98E001AD946 /* nav */ = {
			isa = PBXGroup;
			children = (
				B3FE7E671D62B98E001AD946 /* nav_back_black.png */,
				B3FE7E681D62B98E001AD946 /* nav_back_white.png */,
				B3FE7E691D62B98E001AD946 /* navBar.png */,
				B3FE7E6A1D62B98E001AD946 /* navBtn_bag.png */,
				B3FE7E6B1D62B98E001AD946 /* saoyisao@2x.png */,
				B3FE7E6C1D62B98E001AD946 /* saoyisao@3x.png */,
				B3FE7E6D1D62B98E001AD946 /* search@2x.png */,
				B3FE7E6E1D62B98E001AD946 /* search@3x.png */,
			);
			path = nav;
			sourceTree = "<group>";
		};
		B3FE7E771D62B9C3001AD946 /* launchImages */ = {
			isa = PBXGroup;
			children = (
				B3FE7E781D62B9C3001AD946 /* LaunchImage-700-568h@2x.png */,
				B3FE7E791D62B9C3001AD946 /* LaunchImage-700@2x.png */,
				B3FE7E7A1D62B9C3001AD946 /* LaunchImage-800-667h@2x.png */,
				B3FE7E7B1D62B9C3001AD946 /* LaunchImage-800-Landscape-736h@3x.png */,
				B3FE7E7C1D62B9C3001AD946 /* LaunchImage-800-Portrait-736h@3x.png */,
			);
			path = launchImages;
			sourceTree = "<group>";
		};
		B3FE7E841D62C619001AD946 /* recommend */ = {
			isa = PBXGroup;
			children = (
				B3FE7E851D62C619001AD946 /* controller */,
				B3FE7E861D62C619001AD946 /* model */,
				B3FE7E871D62C619001AD946 /* view */,
			);
			path = recommend;
			sourceTree = "<group>";
		};
		B3FE7E851D62C619001AD946 /* controller */ = {
			isa = PBXGroup;
			children = (
			);
			path = controller;
			sourceTree = "<group>";
		};
		B3FE7E861D62C619001AD946 /* model */ = {
			isa = PBXGroup;
			children = (
				B3FE7E881D62C66F001AD946 /* CBRecommendModel.swift */,
			);
			path = model;
			sourceTree = "<group>";
		};
		B3FE7E871D62C619001AD946 /* view */ = {
			isa = PBXGroup;
			children = (
				B30F893C1D63FBAE0033A9EE /* CBRecommendView.swift */,
				B30F893E1D63FF460033A9EE /* CBRecommendADCell.swift */,
				B30F893F1D63FF460033A9EE /* CBRecommendADCell.xib */,
				B30F894F1D64175A0033A9EE /* CBRecommendLikeCell.swift */,
				B30F89501D64175A0033A9EE /* CBRecommendLikeCell.xib */,
				B325025C1D655AE50024521F /* CBSearchHeaderView.swift */,
				B32502621D6563150024521F /* CBRedPacketCell.swift */,
				B32502631D6563150024521F /* CBRedPacketCell.xib */,
				B344BF761D66942D001CF89F /* CBRecommendNewCell.swift */,
				B344BF771D66942D001CF89F /* CBRecommendNewCell.xib */,
				B344BF7E1D66AB08001CF89F /* CBHeaderView.swift */,
				B344BF821D66B159001CF89F /* CBSpecialCell.swift */,
				B344BF831D66B159001CF89F /* CBSpecialCell.xib */,
			);
			path = view;
			sourceTree = "<group>";
		};
		E4EC27A1C0CA89EDA48DDD04 /* Frameworks */ = {
			isa = PBXGroup;
			children = (
				7FC2AFC0449A9D0F2D1CC629 /* Pods_TestKitchen.framework */,
			);
			name = Frameworks;
			sourceTree = "<group>";
		};
/* End PBXGroup section */

/* Begin PBXNativeTarget section */
		B3C595131D6151BA00CD1758 /* TestKitchen */ = {
			isa = PBXNativeTarget;
			buildConfigurationList = B3C5953C1D6151BA00CD1758 /* Build configuration list for PBXNativeTarget "TestKitchen" */;
			buildPhases = (
				9A9334851DB7BE13578E65C9 /* [CP] Check Pods Manifest.lock */,
				B3C595101D6151BA00CD1758 /* Sources */,
				B3C595111D6151BA00CD1758 /* Frameworks */,
				B3C595121D6151BA00CD1758 /* Resources */,
				83AAC93BC5F6C72B68AC9674 /* [CP] Embed Pods Frameworks */,
				EA242F72E5EDF833A90039B8 /* [CP] Copy Pods Resources */,
			);
			buildRules = (
			);
			dependencies = (
			);
			name = TestKitchen;
			productName = TestKitchen;
			productReference = B3C595141D6151BA00CD1758 /* TestKitchen.app */;
			productType = "com.apple.product-type.application";
		};
		B3C595271D6151BA00CD1758 /* TestKitchenTests */ = {
			isa = PBXNativeTarget;
			buildConfigurationList = B3C5953F1D6151BA00CD1758 /* Build configuration list for PBXNativeTarget "TestKitchenTests" */;
			buildPhases = (
				B3C595241D6151BA00CD1758 /* Sources */,
				B3C595251D6151BA00CD1758 /* Frameworks */,
				B3C595261D6151BA00CD1758 /* Resources */,
			);
			buildRules = (
			);
			dependencies = (
				B3C5952A1D6151BA00CD1758 /* PBXTargetDependency */,
			);
			name = TestKitchenTests;
			productName = TestKitchenTests;
			productReference = B3C595281D6151BA00CD1758 /* TestKitchenTests.xctest */;
			productType = "com.apple.product-type.bundle.unit-test";
		};
		B3C595321D6151BA00CD1758 /* TestKitchenUITests */ = {
			isa = PBXNativeTarget;
			buildConfigurationList = B3C595421D6151BA00CD1758 /* Build configuration list for PBXNativeTarget "TestKitchenUITests" */;
			buildPhases = (
				B3C5952F1D6151BA00CD1758 /* Sources */,
				B3C595301D6151BA00CD1758 /* Frameworks */,
				B3C595311D6151BA00CD1758 /* Resources */,
			);
			buildRules = (
			);
			dependencies = (
				B3C595351D6151BA00CD1758 /* PBXTargetDependency */,
			);
			name = TestKitchenUITests;
			productName = TestKitchenUITests;
			productReference = B3C595331D6151BA00CD1758 /* TestKitchenUITests.xctest */;
			productType = "com.apple.product-type.bundle.ui-testing";
		};
/* End PBXNativeTarget section */

/* Begin PBXProject section */
		B3C5950C1D6151BA00CD1758 /* Project object */ = {
			isa = PBXProject;
			attributes = {
				LastSwiftUpdateCheck = 0730;
				LastUpgradeCheck = 0730;
				ORGANIZATIONNAME = Rui;
				TargetAttributes = {
					B3C595131D6151BA00CD1758 = {
						CreatedOnToolsVersion = 7.3.1;
						DevelopmentTeam = 7N57HXW7YA;
					};
					B3C595271D6151BA00CD1758 = {
						CreatedOnToolsVersion = 7.3.1;
						DevelopmentTeam = 7N57HXW7YA;
						TestTargetID = B3C595131D6151BA00CD1758;
					};
					B3C595321D6151BA00CD1758 = {
						CreatedOnToolsVersion = 7.3.1;
						DevelopmentTeam = 7N57HXW7YA;
						TestTargetID = B3C595131D6151BA00CD1758;
					};
				};
			};
			buildConfigurationList = B3C5950F1D6151BA00CD1758 /* Build configuration list for PBXProject "TestKitchen" */;
			compatibilityVersion = "Xcode 3.2";
			developmentRegion = English;
			hasScannedForEncodings = 0;
			knownRegions = (
				en,
				Base,
			);
			mainGroup = B3C5950B1D6151BA00CD1758;
			productRefGroup = B3C595151D6151BA00CD1758 /* Products */;
			projectDirPath = "";
			projectRoot = "";
			targets = (
				B3C595131D6151BA00CD1758 /* TestKitchen */,
				B3C595271D6151BA00CD1758 /* TestKitchenTests */,
				B3C595321D6151BA00CD1758 /* TestKitchenUITests */,
			);
		};
/* End PBXProject section */

/* Begin PBXResourcesBuildPhase section */
		B3C595121D6151BA00CD1758 /* Resources */ = {
			isa = PBXResourcesBuildPhase;
			buildActionMask = 2147483647;
			files = (
				B3C595711D61554800CD1758 /* AppIcon40x40@2x.png in Resources */,
				B3FE7E4D1D62A15D001AD946 /* mine_normal@2x.png in Resources */,
				B344BF791D66942D001CF89F /* CBRecommendNewCell.xib in Resources */,
				B344BF811D66ADD2001CF89F /* more_icon.png in Resources */,
				B3FE7E7D1D62B9C3001AD946 /* LaunchImage-700-568h@2x.png in Resources */,
				B3C5956F1D61554800CD1758 /* AppIcon29x29@2x.png in Resources */,
				B3FE7E461D62A15D001AD946 /* community_normal@3x.png in Resources */,
				B3FE7E491D62A15D001AD946 /* home_normal@2x.png in Resources */,
				B3FE7E801D62B9C3001AD946 /* LaunchImage-800-Landscape-736h@3x.png in Resources */,
				B3FE7E471D62A15D001AD946 /* community_select@2x.png in Resources */,
				B30F89521D64175A0033A9EE /* CBRecommendLikeCell.xib in Resources */,
				B3FE7E551D62A15D001AD946 /* shike_normal@2x.png in Resources */,
				B3FE7E531D62A15D001AD946 /* report_select@2x.png in Resources */,
				B3FE7E7F1D62B9C3001AD946 /* LaunchImage-800-667h@2x.png in Resources */,
				B3FE7E6F1D62B98E001AD946 /* nav_back_black.png in Resources */,
				B3FE7E5C1D62A15D001AD946 /* shop_select@3x.png in Resources */,
				B3C595721D61554800CD1758 /* AppIcon40x40@3x.png in Resources */,
				B3FE7E711D62B98E001AD946 /* navBar.png in Resources */,
				B344BF851D66B159001CF89F /* CBSpecialCell.xib in Resources */,
				B3C595221D6151BA00CD1758 /* LaunchScreen.storyboard in Resources */,
				B3FE7E5B1D62A15D001AD946 /* shop_select@2x.png in Resources */,
				B3C5958D1D61642100CD1758 /* Ctrl.json in Resources */,
				B30F89411D63FF460033A9EE /* CBRecommendADCell.xib in Resources */,
				B30F89461D640A0C0033A9EE /* sdefaultImage.png in Resources */,
				B32502611D6561D10024521F /* search1.png in Resources */,
				B3FE7E481D62A15D001AD946 /* community_select@3x.png in Resources */,
				B3FE7E731D62B98E001AD946 /* saoyisao@2x.png in Resources */,
				B3FE7E741D62B98E001AD946 /* saoyisao@3x.png in Resources */,
				B3FE7E541D62A15D001AD946 /* report_select@3x.png in Resources */,
				B3FE7E4B1D62A15D001AD946 /* home_select@2x.png in Resources */,
				B3FE7E5A1D62A15D001AD946 /* shop_normal@3x.png in Resources */,
				B3FE7E591D62A15D001AD946 /* shop_normal@2x.png in Resources */,
				B3FE7E451D62A15D001AD946 /* community_normal@2x.png in Resources */,
				B3C5957B1D61576500CD1758 /* Images.xcassets in Resources */,
				B32502651D6563150024521F /* CBRedPacketCell.xib in Resources */,
				B3FE7E701D62B98E001AD946 /* nav_back_white.png in Resources */,
				B3FE7E811D62B9C3001AD946 /* LaunchImage-800-Portrait-736h@3x.png in Resources */,
				B3FE7E521D62A15D001AD946 /* report_normal@3x.png in Resources */,
				B3FE7E721D62B98E001AD946 /* navBtn_bag.png in Resources */,
				B3FE7E581D62A15D001AD946 /* shike_select@3x.png in Resources */,
				B3FE7E571D62A15D001AD946 /* shike_select@2x.png in Resources */,
				B344BF7D1D669933001CF89F /* play-A@3x.png in Resources */,
				B3FE7E501D62A15D001AD946 /* mine_select@3x.png in Resources */,
				B3FE7E761D62B98E001AD946 /* search@3x.png in Resources */,
				B3FE7E751D62B98E001AD946 /* search@2x.png in Resources */,
				B3C5951F1D6151BA00CD1758 /* Assets.xcassets in Resources */,
				B3FE7E4F1D62A15D001AD946 /* mine_select@2x.png in Resources */,
				B3FE7E4C1D62A15D001AD946 /* home_select@3x.png in Resources */,
				B3FE7E4A1D62A15D001AD946 /* home_normal@3x.png in Resources */,
				B3FE7E561D62A15D001AD946 /* shike_normal@3x.png in Resources */,
				B3C5951D1D6151BA00CD1758 /* Main.storyboard in Resources */,
				B3FE7E4E1D62A15D001AD946 /* mine_normal@3x.png in Resources */,
				B3C595731D61554800CD1758 /* AppIcon60x60@2x.png in Resources */,
				B3C595741D61554800CD1758 /* AppIcon60x60@3x.png in Resources */,
				B3FE7E7E1D62B9C3001AD946 /* LaunchImage-700@2x.png in Resources */,
				B344BF7C1D669933001CF89F /* play-A@2x.png in Resources */,
				B3FE7E511D62A15D001AD946 /* report_normal@2x.png in Resources */,
				B3C595701D61554800CD1758 /* AppIcon29x29@3x.png in Resources */,
			);
			runOnlyForDeploymentPostprocessing = 0;
		};
		B3C595261D6151BA00CD1758 /* Resources */ = {
			isa = PBXResourcesBuildPhase;
			buildActionMask = 2147483647;
			files = (
			);
			runOnlyForDeploymentPostprocessing = 0;
		};
		B3C595311D6151BA00CD1758 /* Resources */ = {
			isa = PBXResourcesBuildPhase;
			buildActionMask = 2147483647;
			files = (
			);
			runOnlyForDeploymentPostprocessing = 0;
		};
/* End PBXResourcesBuildPhase section */

/* Begin PBXShellScriptBuildPhase section */
		83AAC93BC5F6C72B68AC9674 /* [CP] Embed Pods Frameworks */ = {
			isa = PBXShellScriptBuildPhase;
			buildActionMask = 2147483647;
			files = (
			);
			inputPaths = (
			);
			name = "[CP] Embed Pods Frameworks";
			outputPaths = (
			);
			runOnlyForDeploymentPostprocessing = 0;
			shellPath = /bin/sh;
			shellScript = "\"${SRCROOT}/Pods/Target Support Files/Pods-TestKitchen/Pods-TestKitchen-frameworks.sh\"\n";
			showEnvVarsInLog = 0;
		};
		9A9334851DB7BE13578E65C9 /* [CP] Check Pods Manifest.lock */ = {
			isa = PBXShellScriptBuildPhase;
			buildActionMask = 2147483647;
			files = (
			);
			inputPaths = (
			);
			name = "[CP] Check Pods Manifest.lock";
			outputPaths = (
			);
			runOnlyForDeploymentPostprocessing = 0;
			shellPath = /bin/sh;
			shellScript = "diff \"${PODS_ROOT}/../Podfile.lock\" \"${PODS_ROOT}/Manifest.lock\" > /dev/null\nif [[ $? != 0 ]] ; then\n    cat << EOM\nerror: The sandbox is not in sync with the Podfile.lock. Run 'pod install' or update your CocoaPods installation.\nEOM\n    exit 1\nfi\n";
			showEnvVarsInLog = 0;
		};
		EA242F72E5EDF833A90039B8 /* [CP] Copy Pods Resources */ = {
			isa = PBXShellScriptBuildPhase;
			buildActionMask = 2147483647;
			files = (
			);
			inputPaths = (
			);
			name = "[CP] Copy Pods Resources";
			outputPaths = (
			);
			runOnlyForDeploymentPostprocessing = 0;
			shellPath = /bin/sh;
			shellScript = "\"${SRCROOT}/Pods/Target Support Files/Pods-TestKitchen/Pods-TestKitchen-resources.sh\"\n";
			showEnvVarsInLog = 0;
		};
/* End PBXShellScriptBuildPhase section */

/* Begin PBXSourcesBuildPhase section */
		B3C595101D6151BA00CD1758 /* Sources */ = {
			isa = PBXSourcesBuildPhase;
			buildActionMask = 2147483647;
			files = (
				B3C5951A1D6151BA00CD1758 /* ViewController.swift in Sources */,
				B344BF781D66942D001CF89F /* CBRecommendNewCell.swift in Sources */,
				B3C5957F1D615AB700CD1758 /* BaseViewController.swift in Sources */,
				B325025D1D655AE50024521F /* CBSearchHeaderView.swift in Sources */,
				B3C595831D615B2700CD1758 /* CommunityViewController.swift in Sources */,
				B3C595811D615B0300CD1758 /* CookBookViewController.swift in Sources */,
				B30F89511D64175A0033A9EE /* CBRecommendLikeCell.swift in Sources */,
				B344BF841D66B159001CF89F /* CBSpecialCell.swift in Sources */,
				B3C595851D615B6F00CD1758 /* MallViewController.swift in Sources */,
				B3FE78141D617523001AD946 /* UIButton+Util.swift in Sources */,
				B32502641D6563150024521F /* CBRedPacketCell.swift in Sources */,
				B325025B1D654B960024521F /* Util.swift in Sources */,
				B3C595891D615B9E00CD1758 /* FoodClassViewController.swift in Sources */,
				B3FE78101D61730F001AD946 /* UIView+Util.swift in Sources */,
				B3C5958B1D615BBC00CD1758 /* ProfileViewController.swift in Sources */,
				B3C595181D6151BA00CD1758 /* AppDelegate.swift in Sources */,
				B30F893D1D63FBAE0033A9EE /* CBRecommendView.swift in Sources */,
				B3C5957D1D615A7200CD1758 /* MainTabBarController.swift in Sources */,
				B30F89431D6407FE0033A9EE /* UIImageView+Util.swift in Sources */,
				B3FE7E831D62BD70001AD946 /* KTCDownloader.swift in Sources */,
				B3FE78121D6173C7001AD946 /* UILabel+Util.swift in Sources */,
				B30F89401D63FF460033A9EE /* CBRecommendADCell.swift in Sources */,
				B3FE7E5E1D62A858001AD946 /* Const.swift in Sources */,
				B344BF7F1D66AB08001CF89F /* CBHeaderView.swift in Sources */,
				B3FE7E891D62C66F001AD946 /* CBRecommendModel.swift in Sources */,
			);
			runOnlyForDeploymentPostprocessing = 0;
		};
		B3C595241D6151BA00CD1758 /* Sources */ = {
			isa = PBXSourcesBuildPhase;
			buildActionMask = 2147483647;
			files = (
				B3C5952D1D6151BA00CD1758 /* TestKitchenTests.swift in Sources */,
			);
			runOnlyForDeploymentPostprocessing = 0;
		};
		B3C5952F1D6151BA00CD1758 /* Sources */ = {
			isa = PBXSourcesBuildPhase;
			buildActionMask = 2147483647;
			files = (
				B3C595381D6151BA00CD1758 /* TestKitchenUITests.swift in Sources */,
			);
			runOnlyForDeploymentPostprocessing = 0;
		};
/* End PBXSourcesBuildPhase section */

/* Begin PBXTargetDependency section */
		B3C5952A1D6151BA00CD1758 /* PBXTargetDependency */ = {
			isa = PBXTargetDependency;
			target = B3C595131D6151BA00CD1758 /* TestKitchen */;
			targetProxy = B3C595291D6151BA00CD1758 /* PBXContainerItemProxy */;
		};
		B3C595351D6151BA00CD1758 /* PBXTargetDependency */ = {
			isa = PBXTargetDependency;
			target = B3C595131D6151BA00CD1758 /* TestKitchen */;
			targetProxy = B3C595341D6151BA00CD1758 /* PBXContainerItemProxy */;
		};
/* End PBXTargetDependency section */

/* Begin PBXVariantGroup section */
		B3C5951B1D6151BA00CD1758 /* Main.storyboard */ = {
			isa = PBXVariantGroup;
			children = (
				B3C5951C1D6151BA00CD1758 /* Base */,
			);
			name = Main.storyboard;
			sourceTree = "<group>";
		};
		B3C595201D6151BA00CD1758 /* LaunchScreen.storyboard */ = {
			isa = PBXVariantGroup;
			children = (
				B3C595211D6151BA00CD1758 /* Base */,
			);
			name = LaunchScreen.storyboard;
			sourceTree = "<group>";
		};
/* End PBXVariantGroup section */

/* Begin XCBuildConfiguration section */
		B3C5953A1D6151BA00CD1758 /* Debug */ = {
			isa = XCBuildConfiguration;
			buildSettings = {
				ALWAYS_SEARCH_USER_PATHS = NO;
				CLANG_ANALYZER_NONNULL = YES;
				CLANG_CXX_LANGUAGE_STANDARD = "gnu++0x";
				CLANG_CXX_LIBRARY = "libc++";
				CLANG_ENABLE_MODULES = YES;
				CLANG_ENABLE_OBJC_ARC = YES;
				CLANG_WARN_BOOL_CONVERSION = YES;
				CLANG_WARN_CONSTANT_CONVERSION = YES;
				CLANG_WARN_DIRECT_OBJC_ISA_USAGE = YES_ERROR;
				CLANG_WARN_EMPTY_BODY = YES;
				CLANG_WARN_ENUM_CONVERSION = YES;
				CLANG_WARN_INT_CONVERSION = YES;
				CLANG_WARN_OBJC_ROOT_CLASS = YES_ERROR;
				CLANG_WARN_UNREACHABLE_CODE = YES;
				CLANG_WARN__DUPLICATE_METHOD_MATCH = YES;
				"CODE_SIGN_IDENTITY[sdk=iphoneos*]" = "iPhone Developer";
				COPY_PHASE_STRIP = NO;
				DEBUG_INFORMATION_FORMAT = dwarf;
				ENABLE_STRICT_OBJC_MSGSEND = YES;
				ENABLE_TESTABILITY = YES;
				GCC_C_LANGUAGE_STANDARD = gnu99;
				GCC_DYNAMIC_NO_PIC = NO;
				GCC_NO_COMMON_BLOCKS = YES;
				GCC_OPTIMIZATION_LEVEL = 0;
				GCC_PREPROCESSOR_DEFINITIONS = (
					"DEBUG=1",
					"$(inherited)",
				);
				GCC_WARN_64_TO_32_BIT_CONVERSION = YES;
				GCC_WARN_ABOUT_RETURN_TYPE = YES_ERROR;
				GCC_WARN_UNDECLARED_SELECTOR = YES;
				GCC_WARN_UNINITIALIZED_AUTOS = YES_AGGRESSIVE;
				GCC_WARN_UNUSED_FUNCTION = YES;
				GCC_WARN_UNUSED_VARIABLE = YES;
				IPHONEOS_DEPLOYMENT_TARGET = 9.3;
				MTL_ENABLE_DEBUG_INFO = YES;
				ONLY_ACTIVE_ARCH = YES;
				SDKROOT = iphoneos;
				SWIFT_OPTIMIZATION_LEVEL = "-Onone";
			};
			name = Debug;
		};
		B3C5953B1D6151BA00CD1758 /* Release */ = {
			isa = XCBuildConfiguration;
			buildSettings = {
				ALWAYS_SEARCH_USER_PATHS = NO;
				CLANG_ANALYZER_NONNULL = YES;
				CLANG_CXX_LANGUAGE_STANDARD = "gnu++0x";
				CLANG_CXX_LIBRARY = "libc++";
				CLANG_ENABLE_MODULES = YES;
				CLANG_ENABLE_OBJC_ARC = YES;
				CLANG_WARN_BOOL_CONVERSION = YES;
				CLANG_WARN_CONSTANT_CONVERSION = YES;
				CLANG_WARN_DIRECT_OBJC_ISA_USAGE = YES_ERROR;
				CLANG_WARN_EMPTY_BODY = YES;
				CLANG_WARN_ENUM_CONVERSION = YES;
				CLANG_WARN_INT_CONVERSION = YES;
				CLANG_WARN_OBJC_ROOT_CLASS = YES_ERROR;
				CLANG_WARN_UNREACHABLE_CODE = YES;
				CLANG_WARN__DUPLICATE_METHOD_MATCH = YES;
				"CODE_SIGN_IDENTITY[sdk=iphoneos*]" = "iPhone Developer";
				COPY_PHASE_STRIP = NO;
				DEBUG_INFORMATION_FORMAT = "dwarf-with-dsym";
				ENABLE_NS_ASSERTIONS = NO;
				ENABLE_STRICT_OBJC_MSGSEND = YES;
				GCC_C_LANGUAGE_STANDARD = gnu99;
				GCC_NO_COMMON_BLOCKS = YES;
				GCC_WARN_64_TO_32_BIT_CONVERSION = YES;
				GCC_WARN_ABOUT_RETURN_TYPE = YES_ERROR;
				GCC_WARN_UNDECLARED_SELECTOR = YES;
				GCC_WARN_UNINITIALIZED_AUTOS = YES_AGGRESSIVE;
				GCC_WARN_UNUSED_FUNCTION = YES;
				GCC_WARN_UNUSED_VARIABLE = YES;
				IPHONEOS_DEPLOYMENT_TARGET = 9.3;
				MTL_ENABLE_DEBUG_INFO = NO;
				SDKROOT = iphoneos;
				VALIDATE_PRODUCT = YES;
			};
			name = Release;
		};
		B3C5953D1D6151BA00CD1758 /* Debug */ = {
			isa = XCBuildConfiguration;
			baseConfigurationReference = 6A702DEA54551187205F2B02 /* Pods-TestKitchen.debug.xcconfig */;
			buildSettings = {
				ASSETCATALOG_COMPILER_APPICON_NAME = AppIcon;
				ASSETCATALOG_COMPILER_LAUNCHIMAGE_NAME = LaunchImage;
				INFOPLIST_FILE = TestKitchen/Info.plist;
				IPHONEOS_DEPLOYMENT_TARGET = 9.0;
				LD_RUNPATH_SEARCH_PATHS = "$(inherited) @executable_path/Frameworks";
				PRODUCT_BUNDLE_IDENTIFIER = com.1606.TestKitchen;
				PRODUCT_NAME = "$(TARGET_NAME)";
			};
			name = Debug;
		};
		B3C5953E1D6151BA00CD1758 /* Release */ = {
			isa = XCBuildConfiguration;
			baseConfigurationReference = 3EFC2817FB9A079F19D14ED0 /* Pods-TestKitchen.release.xcconfig */;
			buildSettings = {
				ASSETCATALOG_COMPILER_APPICON_NAME = AppIcon;
				ASSETCATALOG_COMPILER_LAUNCHIMAGE_NAME = LaunchImage;
				INFOPLIST_FILE = TestKitchen/Info.plist;
				IPHONEOS_DEPLOYMENT_TARGET = 9.0;
				LD_RUNPATH_SEARCH_PATHS = "$(inherited) @executable_path/Frameworks";
				PRODUCT_BUNDLE_IDENTIFIER = com.1606.TestKitchen;
				PRODUCT_NAME = "$(TARGET_NAME)";
			};
			name = Release;
		};
		B3C595401D6151BA00CD1758 /* Debug */ = {
			isa = XCBuildConfiguration;
			buildSettings = {
				BUNDLE_LOADER = "$(TEST_HOST)";
				INFOPLIST_FILE = TestKitchenTests/Info.plist;
				LD_RUNPATH_SEARCH_PATHS = "$(inherited) @executable_path/Frameworks @loader_path/Frameworks";
				PRODUCT_BUNDLE_IDENTIFIER = com.1606.TestKitchenTests;
				PRODUCT_NAME = "$(TARGET_NAME)";
				TEST_HOST = "$(BUILT_PRODUCTS_DIR)/TestKitchen.app/TestKitchen";
			};
			name = Debug;
		};
		B3C595411D6151BA00CD1758 /* Release */ = {
			isa = XCBuildConfiguration;
			buildSettings = {
				BUNDLE_LOADER = "$(TEST_HOST)";
				INFOPLIST_FILE = TestKitchenTests/Info.plist;
				LD_RUNPATH_SEARCH_PATHS = "$(inherited) @executable_path/Frameworks @loader_path/Frameworks";
				PRODUCT_BUNDLE_IDENTIFIER = com.1606.TestKitchenTests;
				PRODUCT_NAME = "$(TARGET_NAME)";
				TEST_HOST = "$(BUILT_PRODUCTS_DIR)/TestKitchen.app/TestKitchen";
			};
			name = Release;
		};
		B3C595431D6151BA00CD1758 /* Debug */ = {
			isa = XCBuildConfiguration;
			buildSettings = {
				INFOPLIST_FILE = TestKitchenUITests/Info.plist;
				LD_RUNPATH_SEARCH_PATHS = "$(inherited) @executable_path/Frameworks @loader_path/Frameworks";
				PRODUCT_BUNDLE_IDENTIFIER = com.1606.TestKitchenUITests;
				PRODUCT_NAME = "$(TARGET_NAME)";
				TEST_TARGET_NAME = TestKitchen;
			};
			name = Debug;
		};
		B3C595441D6151BA00CD1758 /* Release */ = {
			isa = XCBuildConfiguration;
			buildSettings = {
				INFOPLIST_FILE = TestKitchenUITests/Info.plist;
				LD_RUNPATH_SEARCH_PATHS = "$(inherited) @executable_path/Frameworks @loader_path/Frameworks";
				PRODUCT_BUNDLE_IDENTIFIER = com.1606.TestKitchenUITests;
				PRODUCT_NAME = "$(TARGET_NAME)";
				TEST_TARGET_NAME = TestKitchen;
			};
			name = Release;
		};
/* End XCBuildConfiguration section */

/* Begin XCConfigurationList section */
		B3C5950F1D6151BA00CD1758 /* Build configuration list for PBXProject "TestKitchen" */ = {
			isa = XCConfigurationList;
			buildConfigurations = (
				B3C5953A1D6151BA00CD1758 /* Debug */,
				B3C5953B1D6151BA00CD1758 /* Release */,
			);
			defaultConfigurationIsVisible = 0;
			defaultConfigurationName = Release;
		};
		B3C5953C1D6151BA00CD1758 /* Build configuration list for PBXNativeTarget "TestKitchen" */ = {
			isa = XCConfigurationList;
			buildConfigurations = (
				B3C5953D1D6151BA00CD1758 /* Debug */,
				B3C5953E1D6151BA00CD1758 /* Release */,
			);
			defaultConfigurationIsVisible = 0;
			defaultConfigurationName = Release;
		};
		B3C5953F1D6151BA00CD1758 /* Build configuration list for PBXNativeTarget "TestKitchenTests" */ = {
			isa = XCConfigurationList;
			buildConfigurations = (
				B3C595401D6151BA00CD1758 /* Debug */,
				B3C595411D6151BA00CD1758 /* Release */,
			);
			defaultConfigurationIsVisible = 0;
			defaultConfigurationName = Release;
		};
		B3C595421D6151BA00CD1758 /* Build configuration list for PBXNativeTarget "TestKitchenUITests" */ = {
			isa = XCConfigurationList;
			buildConfigurations = (
				B3C595431D6151BA00CD1758 /* Debug */,
				B3C595441D6151BA00CD1758 /* Release */,
			);
			defaultConfigurationIsVisible = 0;
			defaultConfigurationName = Release;
		};
/* End XCConfigurationList section */
	};
	rootObject = B3C5950C1D6151BA00CD1758 /* Project object */;
}
